
Microsoft Visual Studio Solution File, Format Version 12.00
# Visual Studio Version 17
VisualStudioVersion = 17.12.35707.178 d17.12
MinimumVisualStudioVersion = 10.0.40219.1
Project("{FAE04EC0-301F-11D3-BF4B-00C04F79EFBC}") = "LivrariaAPI", "LivrariaAPI.csproj", "{C80BB659-6CB2-47BC-904A-ABEF47AE7A43}"
EndProject
Project("{FAE04EC0-301F-11D3-BF4B-00C04F79EFBC}") = "Livraria.Application", "..\Livraria.Application\Livraria.Application.csproj", "{FD0462A3-F52E-4323-BFF4-877EB31EF48A}"
EndProject
Project("{FAE04EC0-301F-11D3-BF4B-00C04F79EFBC}") = "Livraria.Communication", "..\Livraria.Communication\Livraria.Communication.csproj", "{B3A2587D-8183-4AF4-B8BE-F92466AFBD53}"
EndProject
Global
	GlobalSection(SolutionConfigurationPlatforms) = preSolution
		Debug|Any CPU = Debug|Any CPU
		Release|Any CPU = Release|Any CPU
	EndGlobalSection
	GlobalSection(ProjectConfigurationPlatforms) = postSolution
		{C80BB659-6CB2-47BC-904A-ABEF47AE7A43}.Debug|Any CPU.ActiveCfg = Debug|Any CPU
		{C80BB659-6CB2-47BC-904A-ABEF47AE7A43}.Debug|Any CPU.Build.0 = Debug|Any CPU
		{C80BB659-6CB2-47BC-904A-ABEF47AE7A43}.Release|Any CPU.ActiveCfg = Release|Any CPU
		{C80BB659-6CB2-47BC-904A-ABEF47AE7A43}.Release|Any CPU.Build.0 = Release|Any CPU
		{FD0462A3-F52E-4323-BFF4-877EB31EF48A}.Debug|Any CPU.ActiveCfg = Debug|Any CPU
		{FD0462A3-F52E-4323-BFF4-877EB31EF48A}.Debug|Any CPU.Build.0 = Debug|Any CPU
		{FD0462A3-F52E-4323-BFF4-877EB31EF48A}.Release|Any CPU.ActiveCfg = Release|Any CPU
		{FD0462A3-F52E-4323-BFF4-877EB31EF48A}.Release|Any CPU.Build.0 = Release|Any CPU
		{B3A2587D-8183-4AF4-B8BE-F92466AFBD53}.Debug|Any CPU.ActiveCfg = Debug|Any CPU
		{B3A2587D-8183-4AF4-B8BE-F92466AFBD53}.Debug|Any CPU.Build.0 = Debug|Any CPU
		{B3A2587D-8183-4AF4-B8BE-F92466AFBD53}.Release|Any CPU.ActiveCfg = Release|Any CPU
		{B3A2587D-8183-4AF4-B8BE-F92466AFBD53}.Release|Any CPU.Build.0 = Release|Any CPU
	EndGlobalSection
	GlobalSection(SolutionProperties) = preSolution
		HideSolutionNode = FALSE
	EndGlobalSection
EndGlobal
